
Microsoft Visual Studio Solution File, Format Version 12.00
# Visual Studio 2012
Project("{FAE04EC0-301F-11D3-BF4B-00C04F79EFBC}") = "ExtendingExistingInterfaceForService", "ExtendingExistingInterfaceForService\ExtendingExistingInterfaceForService.csproj", "{86C3E662-B70D-4443-B67C-B74134A7FACE}"
EndProject
Project("{FAE04EC0-301F-11D3-BF4B-00C04F79EFBC}") = "FactoryMethodPatternExample1", "FactoryMethodPatternExample1\FactoryMethodPatternExample1.csproj", "{28D2F464-4343-4344-9764-578CDE9BC7F5}"
EndProject
Project("{FAE04EC0-301F-11D3-BF4B-00C04F79EFBC}") = "InterfaceTrainingProject", "InterfaceTrainingProject\InterfaceTrainingProject.csproj", "{D26E40C3-522B-4CC4-8D47-559999E6335A}"
EndProject
Project("{FAE04EC0-301F-11D3-BF4B-00C04F79EFBC}") = "InterfaceTrainingProject.Tests", "InterfaceTrainingProject.Tests\InterfaceTrainingProject.Tests.csproj", "{2E12802D-A5A3-40CF-9BEF-68F3AFA0BF8E}"
EndProject
Project("{2150E333-8FDC-42A3-9474-1A3956D46DE8}") = ".nuget", ".nuget", "{9D1B54D2-7C90-4EB5-BCB2-C311634B11D9}"
	ProjectSection(SolutionItems) = preProject
		.nuget\packages.config = .nuget\packages.config
	EndProjectSection
EndProject
Project("{FAE04EC0-301F-11D3-BF4B-00C04F79EFBC}") = "FactoryClassPattern", "FactoryClassPattern\FactoryClassPattern.csproj", "{74393FD4-EA87-4DCB-82D1-08D48A12D35E}"
EndProject
Project("{FAE04EC0-301F-11D3-BF4B-00C04F79EFBC}") = "FactoryClassPattern.Core", "FactoryClassPattern.Core\FactoryClassPattern.Core.csproj", "{E948B726-100F-493C-ABE2-4DA0C1BAAE85}"
EndProject
Project("{FAE04EC0-301F-11D3-BF4B-00C04F79EFBC}") = "FactoryMethodPattern", "FactoryMethodPattern\FactoryMethodPattern.csproj", "{89F09B98-C110-412A-BA04-8F8EDEE91D17}"
EndProject
Project("{FAE04EC0-301F-11D3-BF4B-00C04F79EFBC}") = "FactoryMethodPattern.Tests", "FactoryMethodPattern.Tests\FactoryMethodPattern.Tests.csproj", "{8132A258-556D-4DF1-BBF2-691D3E9EA90C}"
EndProject
Project("{FAE04EC0-301F-11D3-BF4B-00C04F79EFBC}") = "BuilderPattern", "BuilderPattern\BuilderPattern.csproj", "{59684E90-5861-4F5E-BB06-3D436CCD5813}"
EndProject
Project("{FAE04EC0-301F-11D3-BF4B-00C04F79EFBC}") = "BuilderPattern.Tests", "BuilderPattern.Tests\BuilderPattern.Tests.csproj", "{81ABF184-4BBF-4C31-A6A0-EDADC8D4F24C}"
EndProject
Project("{FAE04EC0-301F-11D3-BF4B-00C04F79EFBC}") = "BuilderPattern.Core", "BuilderPattern.Core\BuilderPattern.Core.csproj", "{155DCEC7-FF98-434B-8E7E-5C5A8535E1D9}"
EndProject
Global
	GlobalSection(SolutionConfigurationPlatforms) = preSolution
		Debug|Any CPU = Debug|Any CPU
		Release|Any CPU = Release|Any CPU
	EndGlobalSection
	GlobalSection(ProjectConfigurationPlatforms) = postSolution
		{86C3E662-B70D-4443-B67C-B74134A7FACE}.Debug|Any CPU.ActiveCfg = Debug|Any CPU
		{86C3E662-B70D-4443-B67C-B74134A7FACE}.Debug|Any CPU.Build.0 = Debug|Any CPU
		{86C3E662-B70D-4443-B67C-B74134A7FACE}.Release|Any CPU.ActiveCfg = Release|Any CPU
		{86C3E662-B70D-4443-B67C-B74134A7FACE}.Release|Any CPU.Build.0 = Release|Any CPU
		{28D2F464-4343-4344-9764-578CDE9BC7F5}.Debug|Any CPU.ActiveCfg = Debug|Any CPU
		{28D2F464-4343-4344-9764-578CDE9BC7F5}.Debug|Any CPU.Build.0 = Debug|Any CPU
		{28D2F464-4343-4344-9764-578CDE9BC7F5}.Release|Any CPU.ActiveCfg = Release|Any CPU
		{28D2F464-4343-4344-9764-578CDE9BC7F5}.Release|Any CPU.Build.0 = Release|Any CPU
		{D26E40C3-522B-4CC4-8D47-559999E6335A}.Debug|Any CPU.ActiveCfg = Debug|Any CPU
		{D26E40C3-522B-4CC4-8D47-559999E6335A}.Debug|Any CPU.Build.0 = Debug|Any CPU
		{D26E40C3-522B-4CC4-8D47-559999E6335A}.Release|Any CPU.ActiveCfg = Release|Any CPU
		{D26E40C3-522B-4CC4-8D47-559999E6335A}.Release|Any CPU.Build.0 = Release|Any CPU
		{2E12802D-A5A3-40CF-9BEF-68F3AFA0BF8E}.Debug|Any CPU.ActiveCfg = Debug|Any CPU
		{2E12802D-A5A3-40CF-9BEF-68F3AFA0BF8E}.Debug|Any CPU.Build.0 = Debug|Any CPU
		{2E12802D-A5A3-40CF-9BEF-68F3AFA0BF8E}.Release|Any CPU.ActiveCfg = Release|Any CPU
		{2E12802D-A5A3-40CF-9BEF-68F3AFA0BF8E}.Release|Any CPU.Build.0 = Release|Any CPU
		{74393FD4-EA87-4DCB-82D1-08D48A12D35E}.Debug|Any CPU.ActiveCfg = Debug|Any CPU
		{74393FD4-EA87-4DCB-82D1-08D48A12D35E}.Debug|Any CPU.Build.0 = Debug|Any CPU
		{74393FD4-EA87-4DCB-82D1-08D48A12D35E}.Release|Any CPU.ActiveCfg = Release|Any CPU
		{74393FD4-EA87-4DCB-82D1-08D48A12D35E}.Release|Any CPU.Build.0 = Release|Any CPU
		{E948B726-100F-493C-ABE2-4DA0C1BAAE85}.Debug|Any CPU.ActiveCfg = Debug|Any CPU
		{E948B726-100F-493C-ABE2-4DA0C1BAAE85}.Debug|Any CPU.Build.0 = Debug|Any CPU
		{E948B726-100F-493C-ABE2-4DA0C1BAAE85}.Release|Any CPU.ActiveCfg = Release|Any CPU
		{E948B726-100F-493C-ABE2-4DA0C1BAAE85}.Release|Any CPU.Build.0 = Release|Any CPU
		{89F09B98-C110-412A-BA04-8F8EDEE91D17}.Debug|Any CPU.ActiveCfg = Debug|Any CPU
		{89F09B98-C110-412A-BA04-8F8EDEE91D17}.Debug|Any CPU.Build.0 = Debug|Any CPU
		{89F09B98-C110-412A-BA04-8F8EDEE91D17}.Release|Any CPU.ActiveCfg = Release|Any CPU
		{89F09B98-C110-412A-BA04-8F8EDEE91D17}.Release|Any CPU.Build.0 = Release|Any CPU
		{8132A258-556D-4DF1-BBF2-691D3E9EA90C}.Debug|Any CPU.ActiveCfg = Debug|Any CPU
		{8132A258-556D-4DF1-BBF2-691D3E9EA90C}.Debug|Any CPU.Build.0 = Debug|Any CPU
		{8132A258-556D-4DF1-BBF2-691D3E9EA90C}.Release|Any CPU.ActiveCfg = Release|Any CPU
		{8132A258-556D-4DF1-BBF2-691D3E9EA90C}.Release|Any CPU.Build.0 = Release|Any CPU
		{59684E90-5861-4F5E-BB06-3D436CCD5813}.Debug|Any CPU.ActiveCfg = Debug|Any CPU
		{59684E90-5861-4F5E-BB06-3D436CCD5813}.Debug|Any CPU.Build.0 = Debug|Any CPU
		{59684E90-5861-4F5E-BB06-3D436CCD5813}.Release|Any CPU.ActiveCfg = Release|Any CPU
		{59684E90-5861-4F5E-BB06-3D436CCD5813}.Release|Any CPU.Build.0 = Release|Any CPU
		{81ABF184-4BBF-4C31-A6A0-EDADC8D4F24C}.Debug|Any CPU.ActiveCfg = Debug|Any CPU
		{81ABF184-4BBF-4C31-A6A0-EDADC8D4F24C}.Debug|Any CPU.Build.0 = Debug|Any CPU
		{81ABF184-4BBF-4C31-A6A0-EDADC8D4F24C}.Release|Any CPU.ActiveCfg = Release|Any CPU
		{81ABF184-4BBF-4C31-A6A0-EDADC8D4F24C}.Release|Any CPU.Build.0 = Release|Any CPU
		{155DCEC7-FF98-434B-8E7E-5C5A8535E1D9}.Debug|Any CPU.ActiveCfg = Debug|Any CPU
		{155DCEC7-FF98-434B-8E7E-5C5A8535E1D9}.Debug|Any CPU.Build.0 = Debug|Any CPU
		{155DCEC7-FF98-434B-8E7E-5C5A8535E1D9}.Release|Any CPU.ActiveCfg = Release|Any CPU
		{155DCEC7-FF98-434B-8E7E-5C5A8535E1D9}.Release|Any CPU.Build.0 = Release|Any CPU
	EndGlobalSection
	GlobalSection(SolutionProperties) = preSolution
		HideSolutionNode = FALSE
	EndGlobalSection
EndGlobal
